{
  "lockfile_version": "1",
  "packages": {
    "github:NixOS/nixpkgs/nixpkgs-unstable": {
      "last_modified": "2026-07-29T04:59:45Z",
      "resolved": "github:NixOS/nixpkgs/9bc02893134c733dd85de46ee4fb2fac696b5529?lastModified=1785301185&narHash=sha256-eoS3KQTO0aPWXZvIaRbRAzSSHW3l5wdMFXtT1ISfoKA%3D"
    },
    "rustup@1.29.0": {
      "last_modified": "2026-07-23T05:10:05Z",
      "plugin_version": "0.0.1",
      "resolved": "github:NixOS/nixpkgs/7525d999cd850b9a488817abc89c75dc733acf17#rustup",
      "source": "devbox-search",
      "version": "1.29.0",
      "systems": {
        "aarch64-darwin": {
          "outputs": [
            {
              "name": "out",
              "path": "/nix/store/hgbkshlqvw7rgqqwyfiqsvryjfkwh7mj-rustup-1.29.0",
              "default": true
            }
          ],
          "store_path": "/nix/store/hgbkshlqvw7rgqqwyfiqsvryjfkwh7mj-rustup-1.29.0"
        },
        "aarch64-linux": {
          "outputs": [
            {
              "name": "out",
              "path": "/nix/store/xv67saiks9bjbh5cid8hhk5sllfgkxl4-rustup-1.29.0",
              "default": true
            }
          ],
          "store_path": "/nix/store/xv67saiks9bjbh5cid8hhk5sllfgkxl4-rustup-1.29.0"
        },
        "x86_64-darwin": {
          "outputs": [
            {
              "name": "out",
              "path": "/nix/store/lvm2155pfw1b3a9g8cij5g7vx2dk4v9f-rustup-1.29.0",
              "default": true
            }
          ],
          "store_path": "/nix/store/lvm2155pfw1b3a9g8cij5g7vx2dk4v9f-rustup-1.29.0"
        },
        "x86_64-linux": {
          "outputs": [
            {
              "name": "out",
              "path": "/nix/store/5v1hm2s8f77mqkncvm1qkkqq4xkls7mm-rustup-1.29.0",
              "default": true
            }
          ],
          "store_path": "/nix/store/5v1hm2s8f77mqkncvm1qkkqq4xkls7mm-rustup-1.29.0"
        }
      }
    },
    "temurin-bin": {
      "resolved": "github:NixOS/nixpkgs/9bc02893134c733dd85de46ee4fb2fac696b5529?narHash=sha256-eoS3KQTO0aPWXZvIaRbRAzSSHW3l5wdMFXtT1ISfoKA%3D#temurin-bin",
      "source": "nixpkg"
    }
  }
}
